
Microsoft Visual Studio Solution File, Format Version 12.00
# Visual Studio 2013
VisualStudioVersion = 12.0.21005.1
MinimumVisualStudioVersion = 10.0.40219.1
Project("{FAE04EC0-301F-11D3-BF4B-00C04F79EFBC}") = "proje 1 (şifre oluşturma)", "proje 1 (şifre oluşturma)\proje 1 (şifre oluşturma).csproj", "{7941EA5B-0BAB-4942-8EA4-C7841661B275}"
EndProject
Global
	GlobalSection(SolutionConfigurationPlatforms) = preSolution
		Debug|Any CPU = Debug|Any CPU
		Kayıt|Any CPU = Kayıt|Any CPU
		Release|Any CPU = Release|Any CPU
	EndGlobalSection
	GlobalSection(ProjectConfigurationPlatforms) = postSolution
		{7941EA5B-0BAB-4942-8EA4-C7841661B275}.Debug|Any CPU.ActiveCfg = Debug|Any CPU
		{7941EA5B-0BAB-4942-8EA4-C7841661B275}.Debug|Any CPU.Build.0 = Debug|Any CPU
		{7941EA5B-0BAB-4942-8EA4-C7841661B275}.Kayıt|Any CPU.ActiveCfg = Kayıt|Any CPU
		{7941EA5B-0BAB-4942-8EA4-C7841661B275}.Kayıt|Any CPU.Build.0 = Kayıt|Any CPU
		{7941EA5B-0BAB-4942-8EA4-C7841661B275}.Release|Any CPU.ActiveCfg = Release|Any CPU
		{7941EA5B-0BAB-4942-8EA4-C7841661B275}.Release|Any CPU.Build.0 = Release|Any CPU
	EndGlobalSection
	GlobalSection(SolutionProperties) = preSolution
		HideSolutionNode = FALSE
	EndGlobalSection
EndGlobal
